{
  "name": "todo-app-scruple-tooling",
  "lockfileVersion": 3,
  "requires": true,
  "packages": {
    "": {
      "name": "todo-app-scruple-tooling",
      "license": "UNLICENSED",
      "devDependencies": {
        "@scruple/cli": "^0.2.0",
        "@scruple/comments": "^0.2.0",
        "@scruple/core": "^0.2.0",
        "@scruple/errors": "^0.2.0",
        "@scruple/parser-oxc": "^0.2.0",
        "@scruple/provider-jev": "^0.2.0",
        "@scruple/relational-databases": "^0.2.0",
        "@scruple/tests": "^0.2.0",
        "scruple-plugin-ideology": "git+https://github.com/jaypeeZero/scruple-plugin-ideology.git#v0.3.0",
        "scruple-provider-cache": "git+https://github.com/jaypeeZero/scruple-provider-cache.git#v0.1.0"
      }
    },
    "node_modules/@oxc-parser/binding-android-arm-eabi": {
      "version": "0.150.0",
      "resolved": "https://artifactory.wwt.com/artifactory/api/npm/npm/@oxc-parser/binding-android-arm-eabi/-/binding-android-arm-eabi-0.150.0.tgz",
      "integrity": "sha512-oQef2Zu4Prz1KLKznz3HqZzU9uVoA5PMoDZuuLmqms7hKmKSAPzlaMnLllJq3t+rgKmfJJ2siPrpZfFrW06btw==",
      "cpu": [
        "arm"
      ],
      "dev": true,
      "license": "MIT",
      "optional": true,
      "os": [
        "android"
      ],
      "engines": {
        "node": "^20.19.0 || >=22.12.0"
      }
    },
    "node_modules/@oxc-parser/binding-android-arm64": {
      "version": "0.150.0",
      "resolved": "https://artifactory.wwt.com/artifactory/api/npm/npm/@oxc-parser/binding-android-arm64/-/binding-android-arm64-0.150.0.tgz",
      "integrity": "sha512-B6ofpoFiAUwIZ0MJ2IgHPvZK8FAtL4qzSZRwOkAKIfxEobE1mQC8nDdiFZj7pUaJiVUVCsfkMsBJKedzO8rZvA==",
      "cpu": [
        "arm64"
      ],
      "dev": true,
      "license": "MIT",
      "optional": true,
      "os": [
        "android"
      ],
      "engines": {
        "node": "^20.19.0 || >=22.12.0"
      }
    },
    "node_modules/@oxc-parser/binding-darwin-arm64": {
      "version": "0.150.0",
      "resolved": "https://artifactory.wwt.com/artifactory/api/npm/npm/@oxc-parser/binding-darwin-arm64/-/binding-darwin-arm64-0.150.0.tgz",
      "integrity": "sha512-J+9IHKzx/bSz1JetOfD4zKXSK9sOm4/a7+0qomJODcTL6JsRXGeV/ZdkAPSIDydfFmWzYCraMlQEosSZEyBYkQ==",
      "cpu": [
        "arm64"
      ],
      "dev": true,
      "license": "MIT",
      "optional": true,
      "os": [
        "darwin"
      ],
      "engines": {
        "node": "^20.19.0 || >=22.12.0"
      }
    },
    "node_modules/@oxc-parser/binding-darwin-x64": {
      "version": "0.150.0",
      "resolved": "https://artifactory.wwt.com/artifactory/api/npm/npm/@oxc-parser/binding-darwin-x64/-/binding-darwin-x64-0.150.0.tgz",
      "integrity": "sha512-v6IPfcAcSYrBWXV5Tce1DmxDMXLhEYpIIWiRFPJopgCVscZdLaV4MRQOUxvL3usQlw+yrwYOjBFB9IwBx+jUiQ==",
      "cpu": [
        "x64"
      ],
      "dev": true,
      "license": "MIT",
      "optional": true,
      "os": [
        "darwin"
      ],
      "engines": {
        "node": "^20.19.0 || >=22.12.0"
      }
    },
    "node_modules/@oxc-parser/binding-freebsd-x64": {
      "version": "0.150.0",
      "resolved": "https://artifactory.wwt.com/artifactory/api/npm/npm/@oxc-parser/binding-freebsd-x64/-/binding-freebsd-x64-0.150.0.tgz",
      "integrity": "sha512-AoR/4jD02HET0KO0yNT4nbTE+XJUxiO9jB1X/ycEjUE3WrIJ3IjV/Vf+gskhWLcqqeXfvNnkDtBR7epllAm88A==",
      "cpu": [
        "x64"
      ],
      "dev": true,
      "license": "MIT",
      "optional": true,
      "os": [
        "freebsd"
      ],
      "engines": {
        "node": "^20.19.0 || >=22.12.0"
      }
    },
    "node_modules/@oxc-parser/binding-linux-arm-gnueabihf": {
      "version": "0.150.0",
      "resolved": "https://artifactory.wwt.com/artifactory/api/npm/npm/@oxc-parser/binding-linux-arm-gnueabihf/-/binding-linux-arm-gnueabihf-0.150.0.tgz",
      "integrity": "sha512-A/hycCFjLUrCmLoL5O/vBp40ohlaXO1Ta3v5hqYZxicYFs129wZmgZJggcW4mYGYbZebQLhup+N8JjeQl8qwyw==",
      "cpu": [
        "arm"
      ],
      "dev": true,
      "license": "MIT",
      "optional": true,
      "os": [
        "linux"
      ],
      "engines": {
        "node": "^20.19.0 || >=22.12.0"
      }
    },
    "node_modules/@oxc-parser/binding-linux-arm-musleabihf": {
      "version": "0.150.0",
      "resolved": "https://artifactory.wwt.com/artifactory/api/npm/npm/@oxc-parser/binding-linux-arm-musleabihf/-/binding-linux-arm-musleabihf-0.150.0.tgz",
      "integrity": "sha512-pbqahg1Pkz7J4RKmXm30s/iQu99hv64ayXCu8P4p75HcEH5azOdR4eGqiB6lFGkFR3mMpzaYsSKLkS8oJbjmeQ==",
      "cpu": [
        "arm"
      ],
      "dev": true,
      "license": "MIT",
      "optional": true,
      "os": [
        "linux"
      ],
      "engines": {
        "node": "^20.19.0 || >=22.12.0"
      }
    },
    "node_modules/@oxc-parser/binding-linux-arm64-gnu": {
      "version": "0.150.0",
      "resolved": "https://artifactory.wwt.com/artifactory/api/npm/npm/@oxc-parser/binding-linux-arm64-gnu/-/binding-linux-arm64-gnu-0.150.0.tgz",
      "integrity": "sha512-HV11aRbBQGwqv8bEo+K/6qr88uB4fEe1mhXncMhlVCrj+WpBSraxrUzHaPVmeQRU6x6x8v/3DuCbbo93rpp+fw==",
      "cpu": [
        "arm64"
      ],
      "dev": true,
      "license": "MIT",
      "optional": true,
      "os": [
        "linux"
      ],
      "engines": {
        "node": "^20.19.0 || >=22.12.0"
      }
    },
    "node_modules/@oxc-parser/binding-linux-arm64-musl": {
      "version": "0.150.0",
      "resolved": "https://artifactory.wwt.com/artifactory/api/npm/npm/@oxc-parser/binding-linux-arm64-musl/-/binding-linux-arm64-musl-0.150.0.tgz",
      "integrity": "sha512-k6pVkJqALwtEuP4zukVhGRhdIy4+ofChUIUUsAHHyqDZlNsknmel3JjbggrJiWGaes6h/dIcWmEXsKW4SmK9oQ==",
      "cpu": [
        "arm64"
      ],
      "dev": true,
      "license": "MIT",
      "optional": true,
      "os": [
        "linux"
      ],
      "engines": {
        "node": "^20.19.0 || >=22.12.0"
      }
    },
    "node_modules/@oxc-parser/binding-linux-ppc64-gnu": {
      "version": "0.150.0",
      "resolved": "https://artifactory.wwt.com/artifactory/api/npm/npm/@oxc-parser/binding-linux-ppc64-gnu/-/binding-linux-ppc64-gnu-0.150.0.tgz",
      "integrity": "sha512-tEFg39mw/rHO5n8GK2DR4ZMFfsPQZtnQIPbsIpjoQRomJc/2tRfsCSmCT6gNit+NZGoeJG5aH9ATDH5bf0WnoQ==",
      "cpu": [
        "ppc64"
      ],
      "dev": true,
      "license": "MIT",
      "optional": true,
      "os": [
        "linux"
      ],
      "engines": {
        "node": "^20.19.0 || >=22.12.0"
      }
    },
    "node_modules/@oxc-parser/binding-linux-riscv64-gnu": {
      "version": "0.150.0",
      "resolved": "https://artifactory.wwt.com/artifactory/api/npm/npm/@oxc-parser/binding-linux-riscv64-gnu/-/binding-linux-riscv64-gnu-0.150.0.tgz",
      "integrity": "sha512-0JO7IFkoek6HqV589Menx3hJySNXi6quRhO4tq2P7kpEHKEXoDATnoPVUpn5B7gDH2KLkdo751N0uIrGJFCTCw==",
      "cpu": [
        "riscv64"
      ],
      "dev": true,
      "license": "MIT",
      "optional": true,
      "os": [
        "linux"
      ],
      "engines": {
        "node": "^20.19.0 || >=22.12.0"
      }
    },
    "node_modules/@oxc-parser/binding-linux-riscv64-musl": {
      "version": "0.150.0",
      "resolved": "https://artifactory.wwt.com/artifactory/api/npm/npm/@oxc-parser/binding-linux-riscv64-musl/-/binding-linux-riscv64-musl-0.150.0.tgz",
      "integrity": "sha512-7XPzREnyAS5wHU9aB+49Uaqgoo1gVCklHc3DRlc3fJy2tXD/eAJFN1QFz/crj+Ulup5P1+axNREF+/RGaB/IRA==",
      "cpu": [
        "riscv64"
      ],
      "dev": true,
      "license": "MIT",
      "optional": true,
      "os": [
        "linux"
      ],
      "engines": {
        "node": "^20.19.0 || >=22.12.0"
      }
    },
    "node_modules/@oxc-parser/binding-linux-s390x-gnu": {
      "version": "0.150.0",
      "resolved": "https://artifactory.wwt.com/artifactory/api/npm/npm/@oxc-parser/binding-linux-s390x-gnu/-/binding-linux-s390x-gnu-0.150.0.tgz",
      "integrity": "sha512-7n7ZxcbRWDFaTdyj8M8p0O9OfzoMKm8O6syBAIgcSutbOALq0Bb9G52Me+XH0anMLZV+NgXc726gqgG2q39vcQ==",
      "cpu": [
        "s390x"
      ],
      "dev": true,
      "license": "MIT",
      "optional": true,
      "os": [
        "linux"
      ],
      "engines": {
        "node": "^20.19.0 || >=22.12.0"
      }
    },
    "node_modules/@oxc-parser/binding-linux-x64-gnu": {
      "version": "0.150.0",
      "resolved": "https://artifactory.wwt.com/artifactory/api/npm/npm/@oxc-parser/binding-linux-x64-gnu/-/binding-linux-x64-gnu-0.150.0.tgz",
      "integrity": "sha512-Vx0GSA9ZCRTUiczoEQnIIyXkMvtEY8uc6IiwLQtMe5ci2sXPqjrry0Ek5fsPP1k2kCzkML3ow9UOOEgnEDi7Bw==",
      "cpu": [
        "x64"
      ],
      "dev": true,
      "license": "MIT",
      "optional": true,
      "os": [
        "linux"
      ],
      "engines": {
        "node": "^20.19.0 || >=22.12.0"
      }
    },
    "node_modules/@oxc-parser/binding-linux-x64-musl": {
      "version": "0.150.0",
      "resolved": "https://artifactory.wwt.com/artifactory/api/npm/npm/@oxc-parser/binding-linux-x64-musl/-/binding-linux-x64-musl-0.150.0.tgz",
      "integrity": "sha512-ii4/9m3viDLssMnfXU7/Pni/3nYplApuGayceX4qsVGaqqQJCx3tHIH9M/HWIeSty5i8LjS21zPYT6lVIkwLxw==",
      "cpu": [
        "x64"
      ],
      "dev": true,
      "license": "MIT",
      "optional": true,
      "os": [
        "linux"
      ],
      "engines": {
        "node": "^20.19.0 || >=22.12.0"
      }
    },
    "node_modules/@oxc-parser/binding-openharmony-arm64": {
      "version": "0.150.0",
      "resolved": "https://artifactory.wwt.com/artifactory/api/npm/npm/@oxc-parser/binding-openharmony-arm64/-/binding-openharmony-arm64-0.150.0.tgz",
      "integrity": "sha512-ZtoxX5rez36ZWkwtiEhjkCPnlTPoQ2I7lIL0IYZ1yjxMYohbvoOjBmUIZzrf9W/HouONq0omIfTeCWEY+R380w==",
      "cpu": [
        "arm64"
      ],
      "dev": true,
      "license": "MIT",
      "optional": true,
      "os": [
        "openharmony"
      ],
      "engines": {
        "node": "^20.19.0 || >=22.12.0"
      }
    },
    "node_modules/@oxc-parser/binding-win32-arm64-msvc": {
      "version": "0.150.0",
      "resolved": "https://artifactory.wwt.com/artifactory/api/npm/npm/@oxc-parser/binding-win32-arm64-msvc/-/binding-win32-arm64-msvc-0.150.0.tgz",
      "integrity": "sha512-VqeRb5JX/bKYBrff7TUDvJyKY0914UzuCkuXIGxJS4FUmvMNfqkCbc7Sq90iMz9DlmAtlggwaBYQ9eg3h3ltiw==",
      "cpu": [
        "arm64"
      ],
      "dev": true,
      "license": "MIT",
      "optional": true,
      "os": [
        "win32"
      ],
      "engines": {
        "node": "^20.19.0 || >=22.12.0"
      }
    },
    "node_modules/@oxc-parser/binding-win32-ia32-msvc": {
      "version": "0.150.0",
      "resolved": "https://artifactory.wwt.com/artifactory/api/npm/npm/@oxc-parser/binding-win32-ia32-msvc/-/binding-win32-ia32-msvc-0.150.0.tgz",
      "integrity": "sha512-EPqJfeZ4Pgg2BJSsCV8GozxV0FDltRzpVtGVa1r2noJu1iu+opOw3gtBWXwIo9odCT/MdFfyHxdy0/CRqs3OqA==",
      "cpu": [
        "ia32"
      ],
      "dev": true,
      "license": "MIT",
      "optional": true,
      "os": [
        "win32"
      ],
      "engines": {
        "node": "^20.19.0 || >=22.12.0"
      }
    },
    "node_modules/@oxc-parser/binding-win32-x64-msvc": {
      "version": "0.150.0",
      "resolved": "https://artifactory.wwt.com/artifactory/api/npm/npm/@oxc-parser/binding-win32-x64-msvc/-/binding-win32-x64-msvc-0.150.0.tgz",
      "integrity": "sha512-n5YMzbqwPQqozbkrexi0lNZrUz5cnPHalYpFWe6Dau7AmKIWNo+y24IwzDuZEQtEdUHuKhXmMMih/MPjOI+CMw==",
      "cpu": [
        "x64"
      ],
      "dev": true,
      "license": "MIT",
      "optional": true,
      "os": [
        "win32"
      ],
      "engines": {
        "node": "^20.19.0 || >=22.12.0"
      }
    },
    "node_modules/@oxc-project/types": {
      "version": "0.150.0",
      "resolved": "https://artifactory.wwt.com/artifactory/api/npm/npm/@oxc-project/types/-/types-0.150.0.tgz",
      "integrity": "sha512-rDS5/31E9HfPl/CIzGrn0DOlvBbXFseQ5URJ9sYMfstbKLD/c6Gm9vmRzRGDdAXyOIL4zmO37lc9RIwYqVruZw==",
      "dev": true,
      "license": "MIT",
      "funding": {
        "url": "https://github.com/sponsors/oxc-project"
      }
    },
    "node_modules/@scruple/cli": {
      "version": "0.2.0",
      "resolved": "https://artifactory.wwt.com/artifactory/api/npm/npm/@scruple/cli/-/cli-0.2.0.tgz",
      "integrity": "sha512-DxXX6f6fkf9BlrwxEtmTUkzi1VzDQ1JNYR4xG2F/d0UOHkzYcyH4VK21Hz/FhmZtuD8yrISMm2yNOaCF5Dk8vA==",
      "dev": true,
      "license": "MIT",
      "dependencies": {
        "@scruple/core": "0.2.0",
        "jiti": "^2.6.1",
        "tinyglobby": "^0.2.15"
      },
      "bin": {
        "scruple": "dist/bin.js"
      },
      "engines": {
        "node": ">=22.18.0"
      }
    },
    "node_modules/@scruple/comments": {
      "version": "0.2.0",
      "resolved": "https://artifactory.wwt.com/artifactory/api/npm/npm/@scruple/comments/-/comments-0.2.0.tgz",
      "integrity": "sha512-L7LzG/kTwwUeVuORMYdsc4VR2jZrXtLSoOuve4EV9CiQ5yegp6d5KUiayg1Ycb2FsQ/7wKpJ74U0W5rQg1gy3w==",
      "dev": true,
      "license": "MIT",
      "dependencies": {
        "@scruple/core": "0.2.0"
      },
      "engines": {
        "node": ">=22.18.0"
      }
    },
    "node_modules/@scruple/core": {
      "version": "0.2.0",
      "resolved": "https://artifactory.wwt.com/artifactory/api/npm/npm/@scruple/core/-/core-0.2.0.tgz",
      "integrity": "sha512-pRbGtMIQGpcu/toiFPLuz6uldY0+A691NvB5DdfpIT9KY1xj6tYCUEjVDbz5gRtZ2Ku5gg+1G0OYaCDzc0Pq+w==",
      "dev": true,
      "license": "MIT",
      "engines": {
        "node": ">=22.18.0"
      }
    },
    "node_modules/@scruple/errors": {
      "version": "0.2.0",
      "resolved": "https://artifactory.wwt.com/artifactory/api/npm/npm/@scruple/errors/-/errors-0.2.0.tgz",
      "integrity": "sha512-7NTFoIs/Ju+NL8bwI0zbfaNjTTB0RgUHjRkNCM7Bf1VzA0UC8RLMz7wp4n/s50O2hG40qfotgCz1ECOYzIS5iQ==",
      "dev": true,
      "license": "MIT",
      "dependencies": {
        "@scruple/core": "0.2.0"
      },
      "engines": {
        "node": ">=22.18.0"
      }
    },
    "node_modules/@scruple/parser-oxc": {
      "version": "0.2.0",
      "resolved": "https://artifactory.wwt.com/artifactory/api/npm/npm/@scruple/parser-oxc/-/parser-oxc-0.2.0.tgz",
      "integrity": "sha512-Mkoz/2414Q645En30xqWpliPJ1JtcjiFiBhkPcKRSD2rNA4gfPIo9ZQY+dOYu81ktWFdvX+4+WYT/6a6pOc43w==",
      "dev": true,
      "license": "MIT",
      "dependencies": {
        "@scruple/core": "0.2.0",
        "oxc-parser": "^0.150.0"
      },
      "engines": {
        "node": ">=22.18.0"
      }
    },
    "node_modules/@scruple/provider-jev": {
      "version": "0.2.0",
      "resolved": "https://artifactory.wwt.com/artifactory/api/npm/npm/@scruple/provider-jev/-/provider-jev-0.2.0.tgz",
      "integrity": "sha512-NWY5S4QVbk12a6f2nn3xvNRNVWBtsbJjkiO9GEuPnttfTy+vRvgREFzB7mTxt+eGfJwaQjILUj1xDvmSRzGBXw==",
      "dev": true,
      "license": "MIT",
      "dependencies": {
        "@scruple/core": "0.2.0",
        "@typesafe-ai/sdk": "^0.6.0"
      },
      "engines": {
        "node": ">=22.18.0"
      }
    },
    "node_modules/@scruple/relational-databases": {
      "version": "0.2.0",
      "resolved": "https://artifactory.wwt.com/artifactory/api/npm/npm/@scruple/relational-databases/-/relational-databases-0.2.0.tgz",
      "integrity": "sha512-JLLXL048OCEw67iDf4qW92tZ3W4sQg55/MGBVSB3i5ZD5T71qOzlQSkOXnYr+IOrmhRLkehrTRoAEKyqC6MoIQ==",
      "dev": true,
      "license": "MIT",
      "dependencies": {
        "@scruple/core": "0.2.0"
      },
      "engines": {
        "node": ">=22.18.0"
      }
    },
    "node_modules/@scruple/tests": {
      "version": "0.2.0",
      "resolved": "https://artifactory.wwt.com/artifactory/api/npm/npm/@scruple/tests/-/tests-0.2.0.tgz",
      "integrity": "sha512-ncnKh5ocCrIBFkmkujYzVYqIXG5UF03M/frXu1+/QbWcSPbbY4lUmWjxZEeStclUYbe9L9/4GtQYvPMErdlthA==",
      "dev": true,
      "license": "MIT",
      "dependencies": {
        "@scruple/core": "0.2.0"
      },
      "engines": {
        "node": ">=22.18.0"
      }
    },
    "node_modules/@typesafe-ai/sdk": {
      "version": "0.6.0",
      "resolved": "https://artifactory.wwt.com/artifactory/api/npm/npm/@typesafe-ai/sdk/-/sdk-0.6.0.tgz",
      "integrity": "sha512-IddX+Q0XM+VagOUZFeP7wZjaO4SHMdvnh2zEBdrZZnXedWI3BNK1lKhMx3ayrkFWvVLbVcUHJy6AVZlY+e6Jaw==",
      "dev": true,
      "license": "MIT",
      "engines": {
        "node": ">=20"
      }
    },
    "node_modules/fdir": {
      "version": "6.5.0",
      "resolved": "https://artifactory.wwt.com/artifactory/api/npm/npm/fdir/-/fdir-6.5.0.tgz",
      "integrity": "sha512-tIbYtZbucOs0BRGqPJkshJUYdL+SDH7dVM8gjy+ERp3WAUjLEFJE+02kanyHtwjWOnwrKYBiwAmM0p4kLJAnXg==",
      "dev": true,
      "license": "MIT",
      "engines": {
        "node": ">=12.0.0"
      },
      "peerDependencies": {
        "picomatch": "^3 || ^4"
      },
      "peerDependenciesMeta": {
        "picomatch": {
          "optional": true
        }
      }
    },
    "node_modules/jiti": {
      "version": "2.7.0",
      "resolved": "https://artifactory.wwt.com/artifactory/api/npm/npm/jiti/-/jiti-2.7.0.tgz",
      "integrity": "sha512-AC/7JofJvZGrrneWNaEnJeOLUx+JlGt7tNa0wZiRPT4MY1wmfKjt2+6O2p2uz2+skll8OZZmJMNqeke7kKbNgQ==",
      "dev": true,
      "license": "MIT",
      "bin": {
        "jiti": "lib/jiti-cli.mjs"
      }
    },
    "node_modules/oxc-parser": {
      "version": "0.150.0",
      "resolved": "https://artifactory.wwt.com/artifactory/api/npm/npm/oxc-parser/-/oxc-parser-0.150.0.tgz",
      "integrity": "sha512-zwajKw1GUa57IOdafIS7/yOObGF2NihwIfZfs5yJTRprMSkiwhWOc/k+n8bwnUPbHr2/XsjfBO8KyTPaW3VpWg==",
      "dev": true,
      "license": "MIT",
      "dependencies": {
        "@oxc-project/types": "^0.150.0"
      },
      "engines": {
        "node": "^20.19.0 || >=22.12.0"
      },
      "funding": {
        "url": "https://github.com/sponsors/oxc-project"
      },
      "optionalDependencies": {
        "@oxc-parser/binding-android-arm-eabi": "0.150.0",
        "@oxc-parser/binding-android-arm64": "0.150.0",
        "@oxc-parser/binding-darwin-arm64": "0.150.0",
        "@oxc-parser/binding-darwin-x64": "0.150.0",
        "@oxc-parser/binding-freebsd-x64": "0.150.0",
        "@oxc-parser/binding-linux-arm-gnueabihf": "0.150.0",
        "@oxc-parser/binding-linux-arm-musleabihf": "0.150.0",
        "@oxc-parser/binding-linux-arm64-gnu": "0.150.0",
        "@oxc-parser/binding-linux-arm64-musl": "0.150.0",
        "@oxc-parser/binding-linux-ppc64-gnu": "0.150.0",
        "@oxc-parser/binding-linux-riscv64-gnu": "0.150.0",
        "@oxc-parser/binding-linux-riscv64-musl": "0.150.0",
        "@oxc-parser/binding-linux-s390x-gnu": "0.150.0",
        "@oxc-parser/binding-linux-x64-gnu": "0.150.0",
        "@oxc-parser/binding-linux-x64-musl": "0.150.0",
        "@oxc-parser/binding-openharmony-arm64": "0.150.0",
        "@oxc-parser/binding-win32-arm64-msvc": "0.150.0",
        "@oxc-parser/binding-win32-ia32-msvc": "0.150.0",
        "@oxc-parser/binding-win32-x64-msvc": "0.150.0"
      }
    },
    "node_modules/picomatch": {
      "version": "4.0.7",
      "resolved": "https://artifactory.wwt.com/artifactory/api/npm/npm/picomatch/-/picomatch-4.0.7.tgz",
      "integrity": "sha512-qcJu88Q2IWqJsDD529JKMdwGm/dvInW4HvQnRwiH9JtihJvzGOscDtHE3x1pBKeUOTysQ8kVmLnJ2kJu7yhcGA==",
      "dev": true,
      "license": "MIT",
      "engines": {
        "node": ">=12"
      },
      "funding": {
        "url": "https://github.com/sponsors/jonschlinkert"
      }
    },
    "node_modules/scruple-plugin-ideology": {
      "version": "0.3.0",
      "resolved": "git+ssh://git@github.com/jaypeeZero/scruple-plugin-ideology.git#eb4f2dc9f2aabc1216d2713d7847328973d41498",
      "dev": true,
      "license": "MIT",
      "engines": {
        "node": ">=22.18"
      },
      "peerDependencies": {
        "@scruple/core": "^0.2.0"
      }
    },
    "node_modules/scruple-provider-cache": {
      "version": "0.1.0",
      "resolved": "git+ssh://git@github.com/jaypeeZero/scruple-provider-cache.git#113f0d4305146664e6e53039212f85236544c7ca",
      "dev": true,
      "license": "MIT",
      "engines": {
        "node": ">=22.18"
      },
      "peerDependencies": {
        "@scruple/core": "^0.2.0"
      }
    },
    "node_modules/tinyglobby": {
      "version": "0.2.17",
      "resolved": "https://artifactory.wwt.com/artifactory/api/npm/npm/tinyglobby/-/tinyglobby-0.2.17.tgz",
      "integrity": "sha512-wXR/dYpcqKmfWpEdZjiKJOwCNFndD0DMnrW/cYjVGttEkBfVgcLFHoNrlj47mjOVic9yyNu65alsgF4NQyTa2g==",
      "dev": true,
      "license": "MIT",
      "dependencies": {
        "fdir": "^6.5.0",
        "picomatch": "^4.0.4"
      },
      "engines": {
        "node": ">=12.0.0"
      },
      "funding": {
        "url": "https://github.com/sponsors/SuperchupuDev"
      }
    }
  }
}
