{
  "name": "todo-app-scruple-tooling",
  "lockfileVersion": 3,
  "requires": true,
  "packages": {
    "": {
      "name": "todo-app-scruple-tooling",
      "license": "UNLICENSED",
      "devDependencies": {
        "@scruple/cli": "^0.3.4",
        "@scruple/comments": "^0.3.4",
        "@scruple/core": "^0.3.4",
        "@scruple/errors": "^0.3.4",
        "@scruple/parser-oxc": "^0.3.4",
        "@scruple/provider-decider": "^0.3.4",
        "@scruple/provider-jev": "^0.3.4",
        "@scruple/relational-databases": "^0.3.4",
        "@scruple/tests": "^0.3.4",
        "scruple-plugin-ideology": "git+https://github.com/jaypeeZero/scruple-plugin-ideology.git#v0.3.0",
        "scruple-provider-cache": "git+https://github.com/jaypeeZero/scruple-provider-cache.git#v0.1.0"
      }
    },
    "node_modules/@oxc-parser/binding-android-arm-eabi": {
      "version": "0.151.0",
      "resolved": "https://artifactory.wwt.com/artifactory/api/npm/npm/@oxc-parser/binding-android-arm-eabi/-/binding-android-arm-eabi-0.151.0.tgz",
      "integrity": "sha512-QLfrdT2XmHMo8krBiKHtnTtU2ugxruwnIWMcIl5qpCRV9KPZk1s2YZzSHkIjzabLxG6/1yOoDLvqfS3TrJhfWA==",
      "cpu": [
        "arm"
      ],
      "dev": true,
      "license": "MIT",
      "optional": true,
      "os": [
        "android"
      ],
      "engines": {
        "node": "^20.19.0 || >=22.12.0"
      }
    },
    "node_modules/@oxc-parser/binding-android-arm64": {
      "version": "0.151.0",
      "resolved": "https://artifactory.wwt.com/artifactory/api/npm/npm/@oxc-parser/binding-android-arm64/-/binding-android-arm64-0.151.0.tgz",
      "integrity": "sha512-APzs9QxkLGR85I6Slb93Onsd+9ZdR+PdKIy0g8oOuipiBRtXbEE3PW1QpRn3O2C9dCsfAC8+t7dWGRyByiTqJQ==",
      "cpu": [
        "arm64"
      ],
      "dev": true,
      "license": "MIT",
      "optional": true,
      "os": [
        "android"
      ],
      "engines": {
        "node": "^20.19.0 || >=22.12.0"
      }
    },
    "node_modules/@oxc-parser/binding-darwin-arm64": {
      "version": "0.151.0",
      "resolved": "https://artifactory.wwt.com/artifactory/api/npm/npm/@oxc-parser/binding-darwin-arm64/-/binding-darwin-arm64-0.151.0.tgz",
      "integrity": "sha512-uPj085g+2TcYKm4LrPOF6mU/ilb48ghAfLMA+YIxaSAasgDAXO0c5UMjRrB9L59A1aMU9fvPtCGoW9cov9UtFQ==",
      "cpu": [
        "arm64"
      ],
      "dev": true,
      "license": "MIT",
      "optional": true,
      "os": [
        "darwin"
      ],
      "engines": {
        "node": "^20.19.0 || >=22.12.0"
      }
    },
    "node_modules/@oxc-parser/binding-darwin-x64": {
      "version": "0.151.0",
      "resolved": "https://artifactory.wwt.com/artifactory/api/npm/npm/@oxc-parser/binding-darwin-x64/-/binding-darwin-x64-0.151.0.tgz",
      "integrity": "sha512-gqOyGZsEX9r8i37ONL2X8heUKCbTAY3UvaWlEJKPJYdgaYoIAXSuZrG27legT+0e4m0X/53RupoH6lfbxtMiMw==",
      "cpu": [
        "x64"
      ],
      "dev": true,
      "license": "MIT",
      "optional": true,
      "os": [
        "darwin"
      ],
      "engines": {
        "node": "^20.19.0 || >=22.12.0"
      }
    },
    "node_modules/@oxc-parser/binding-freebsd-x64": {
      "version": "0.151.0",
      "resolved": "https://artifactory.wwt.com/artifactory/api/npm/npm/@oxc-parser/binding-freebsd-x64/-/binding-freebsd-x64-0.151.0.tgz",
      "integrity": "sha512-Uih9lYFoB9k87b8jZ2263b8/HC0AuCQo9qPfu14KjoDmC7AmGvo4pCLiuEVVHjQycUjTO2dNtG39MIGUuCOx3A==",
      "cpu": [
        "x64"
      ],
      "dev": true,
      "license": "MIT",
      "optional": true,
      "os": [
        "freebsd"
      ],
      "engines": {
        "node": "^20.19.0 || >=22.12.0"
      }
    },
    "node_modules/@oxc-parser/binding-linux-arm-gnueabihf": {
      "version": "0.151.0",
      "resolved": "https://artifactory.wwt.com/artifactory/api/npm/npm/@oxc-parser/binding-linux-arm-gnueabihf/-/binding-linux-arm-gnueabihf-0.151.0.tgz",
      "integrity": "sha512-BW9ryFV0V7h37xAEpb1rx+jI/ArFjXlSvJ2CaPwqxCj+kcJdDMvt5/PpWLRRk56UpNpxpq/5+puTUd0/4OPCZw==",
      "cpu": [
        "arm"
      ],
      "dev": true,
      "license": "MIT",
      "optional": true,
      "os": [
        "linux"
      ],
      "engines": {
        "node": "^20.19.0 || >=22.12.0"
      }
    },
    "node_modules/@oxc-parser/binding-linux-arm-musleabihf": {
      "version": "0.151.0",
      "resolved": "https://artifactory.wwt.com/artifactory/api/npm/npm/@oxc-parser/binding-linux-arm-musleabihf/-/binding-linux-arm-musleabihf-0.151.0.tgz",
      "integrity": "sha512-68zJuPgiFpZ9FF5WgpJiE9cukBZVNv79Yod2VV/wJLaiws+abCEfcxwVEH0608a7E/0zOO1Pj2iY7UrnUS8ydg==",
      "cpu": [
        "arm"
      ],
      "dev": true,
      "license": "MIT",
      "optional": true,
      "os": [
        "linux"
      ],
      "engines": {
        "node": "^20.19.0 || >=22.12.0"
      }
    },
    "node_modules/@oxc-parser/binding-linux-arm64-gnu": {
      "version": "0.151.0",
      "resolved": "https://artifactory.wwt.com/artifactory/api/npm/npm/@oxc-parser/binding-linux-arm64-gnu/-/binding-linux-arm64-gnu-0.151.0.tgz",
      "integrity": "sha512-s/CCfZQcqoRo4Ij7ML43Yhe+gJZU7zmudd6StA0T9WDFPLaiWMoBlPRmoS39jPpODxPwI/6yPoiyjKOMNzSqCg==",
      "cpu": [
        "arm64"
      ],
      "dev": true,
      "license": "MIT",
      "optional": true,
      "os": [
        "linux"
      ],
      "engines": {
        "node": "^20.19.0 || >=22.12.0"
      }
    },
    "node_modules/@oxc-parser/binding-linux-arm64-musl": {
      "version": "0.151.0",
      "resolved": "https://artifactory.wwt.com/artifactory/api/npm/npm/@oxc-parser/binding-linux-arm64-musl/-/binding-linux-arm64-musl-0.151.0.tgz",
      "integrity": "sha512-QSjn7WWZNGDTRlMT0SUGDHZNI9XOhGXWdqhL/FuDR/nh0MOqGQT8OHGBy95mZHne4WvoS0OgnUl/+55u07yBiQ==",
      "cpu": [
        "arm64"
      ],
      "dev": true,
      "license": "MIT",
      "optional": true,
      "os": [
        "linux"
      ],
      "engines": {
        "node": "^20.19.0 || >=22.12.0"
      }
    },
    "node_modules/@oxc-parser/binding-linux-ppc64-gnu": {
      "version": "0.151.0",
      "resolved": "https://artifactory.wwt.com/artifactory/api/npm/npm/@oxc-parser/binding-linux-ppc64-gnu/-/binding-linux-ppc64-gnu-0.151.0.tgz",
      "integrity": "sha512-RnvhC+cOND1dsNqbsirtZa9IWVJCCnxIZxs7nAvW0ZFjqqofwKbR3+TNKPqx2eASRC6+b78rZMLiNbDeDUp8+w==",
      "cpu": [
        "ppc64"
      ],
      "dev": true,
      "license": "MIT",
      "optional": true,
      "os": [
        "linux"
      ],
      "engines": {
        "node": "^20.19.0 || >=22.12.0"
      }
    },
    "node_modules/@oxc-parser/binding-linux-riscv64-gnu": {
      "version": "0.151.0",
      "resolved": "https://artifactory.wwt.com/artifactory/api/npm/npm/@oxc-parser/binding-linux-riscv64-gnu/-/binding-linux-riscv64-gnu-0.151.0.tgz",
      "integrity": "sha512-fpwItfDNVDgXOMV6GdMHD3QV3NdYWhwDH0E8BRuYNeQyUKchb8sNLvAQg+g1HxENvrYjiLqLWAafOja44/sLig==",
      "cpu": [
        "riscv64"
      ],
      "dev": true,
      "license": "MIT",
      "optional": true,
      "os": [
        "linux"
      ],
      "engines": {
        "node": "^20.19.0 || >=22.12.0"
      }
    },
    "node_modules/@oxc-parser/binding-linux-riscv64-musl": {
      "version": "0.151.0",
      "resolved": "https://artifactory.wwt.com/artifactory/api/npm/npm/@oxc-parser/binding-linux-riscv64-musl/-/binding-linux-riscv64-musl-0.151.0.tgz",
      "integrity": "sha512-fKchmw5aUlZem7uZZfxsQAl53cFiGWrAKhwjYxvJFiBPQyC9CZ2P7Qhv9unDJSezChu6iJ6XGQWQnRUyLp7j5g==",
      "cpu": [
        "riscv64"
      ],
      "dev": true,
      "license": "MIT",
      "optional": true,
      "os": [
        "linux"
      ],
      "engines": {
        "node": "^20.19.0 || >=22.12.0"
      }
    },
    "node_modules/@oxc-parser/binding-linux-s390x-gnu": {
      "version": "0.151.0",
      "resolved": "https://artifactory.wwt.com/artifactory/api/npm/npm/@oxc-parser/binding-linux-s390x-gnu/-/binding-linux-s390x-gnu-0.151.0.tgz",
      "integrity": "sha512-vDtxikQV1AixMY5pFAW5tDtGHmoexjGpEgtmPBAF3tXvEubm9KucxV0CxtuAIGEZ1aGyvZ74Hfryb7Vvq52F3Q==",
      "cpu": [
        "s390x"
      ],
      "dev": true,
      "license": "MIT",
      "optional": true,
      "os": [
        "linux"
      ],
      "engines": {
        "node": "^20.19.0 || >=22.12.0"
      }
    },
    "node_modules/@oxc-parser/binding-linux-x64-gnu": {
      "version": "0.151.0",
      "resolved": "https://artifactory.wwt.com/artifactory/api/npm/npm/@oxc-parser/binding-linux-x64-gnu/-/binding-linux-x64-gnu-0.151.0.tgz",
      "integrity": "sha512-JHB/TuPCUdnkMq9RXB7C/SZuauJUp1EYHi5DaH7ge7uNlCY4AOhc0QeWOjo2rj308+NjxgTwminglWpqlllAig==",
      "cpu": [
        "x64"
      ],
      "dev": true,
      "license": "MIT",
      "optional": true,
      "os": [
        "linux"
      ],
      "engines": {
        "node": "^20.19.0 || >=22.12.0"
      }
    },
    "node_modules/@oxc-parser/binding-linux-x64-musl": {
      "version": "0.151.0",
      "resolved": "https://artifactory.wwt.com/artifactory/api/npm/npm/@oxc-parser/binding-linux-x64-musl/-/binding-linux-x64-musl-0.151.0.tgz",
      "integrity": "sha512-rkoZa4Wv5LbUHdCJ+3vC9G68r49gaoaQPg52Jx7+aC60q3QHIiysrDHQlQ3hiIevsmDl0RgzD+Y389q/hb34WA==",
      "cpu": [
        "x64"
      ],
      "dev": true,
      "license": "MIT",
      "optional": true,
      "os": [
        "linux"
      ],
      "engines": {
        "node": "^20.19.0 || >=22.12.0"
      }
    },
    "node_modules/@oxc-parser/binding-openharmony-arm64": {
      "version": "0.151.0",
      "resolved": "https://artifactory.wwt.com/artifactory/api/npm/npm/@oxc-parser/binding-openharmony-arm64/-/binding-openharmony-arm64-0.151.0.tgz",
      "integrity": "sha512-zp74XxS9WHSp6ct8LEoTa87F5pJOjFPG0o7dg2YCXaKo0raxabpFMC7NTbefIzWmF9KLIuJF/Rg6CPIu6P/Aaw==",
      "cpu": [
        "arm64"
      ],
      "dev": true,
      "license": "MIT",
      "optional": true,
      "os": [
        "openharmony"
      ],
      "engines": {
        "node": "^20.19.0 || >=22.12.0"
      }
    },
    "node_modules/@oxc-parser/binding-win32-arm64-msvc": {
      "version": "0.151.0",
      "resolved": "https://artifactory.wwt.com/artifactory/api/npm/npm/@oxc-parser/binding-win32-arm64-msvc/-/binding-win32-arm64-msvc-0.151.0.tgz",
      "integrity": "sha512-xtqapASyiSTv6rdm29kKFoDsxTo1oCmMfhPLGCDbZQ0Y6sU4m7IPEH05NgNEs2SrTErBuldkvS6e0Aqzmu0BgQ==",
      "cpu": [
        "arm64"
      ],
      "dev": true,
      "license": "MIT",
      "optional": true,
      "os": [
        "win32"
      ],
      "engines": {
        "node": "^20.19.0 || >=22.12.0"
      }
    },
    "node_modules/@oxc-parser/binding-win32-ia32-msvc": {
      "version": "0.151.0",
      "resolved": "https://artifactory.wwt.com/artifactory/api/npm/npm/@oxc-parser/binding-win32-ia32-msvc/-/binding-win32-ia32-msvc-0.151.0.tgz",
      "integrity": "sha512-9s4L40gxkolXQx1Q675XEZqgI4j+7+os4kZAFHdrDQVapjB9J2iodub7A8VAZ0cGTfhZNLH4D9L26fwEyqu3fg==",
      "cpu": [
        "ia32"
      ],
      "dev": true,
      "license": "MIT",
      "optional": true,
      "os": [
        "win32"
      ],
      "engines": {
        "node": "^20.19.0 || >=22.12.0"
      }
    },
    "node_modules/@oxc-parser/binding-win32-x64-msvc": {
      "version": "0.151.0",
      "resolved": "https://artifactory.wwt.com/artifactory/api/npm/npm/@oxc-parser/binding-win32-x64-msvc/-/binding-win32-x64-msvc-0.151.0.tgz",
      "integrity": "sha512-temy3DJf08taii88l13vfs5Om/HWECLSAj5Ca7ANMvocrekAgCuPC4GeHLi0mJ0cmGPznfeaaj80wqQoPIRYPA==",
      "cpu": [
        "x64"
      ],
      "dev": true,
      "license": "MIT",
      "optional": true,
      "os": [
        "win32"
      ],
      "engines": {
        "node": "^20.19.0 || >=22.12.0"
      }
    },
    "node_modules/@oxc-project/types": {
      "version": "0.151.0",
      "resolved": "https://artifactory.wwt.com/artifactory/api/npm/npm/@oxc-project/types/-/types-0.151.0.tgz",
      "integrity": "sha512-J1yXrIlNDZVzE3ada310xeAw7nH8yCAyLPuUIsjKatFPmfn5bS1oW+cM+QsGOtVWd5nhSpbwZWx/rue+r5Z+PA==",
      "dev": true,
      "license": "MIT",
      "funding": {
        "url": "https://github.com/sponsors/oxc-project"
      }
    },
    "node_modules/@scruple/cli": {
      "version": "0.3.4",
      "resolved": "https://artifactory.wwt.com/artifactory/api/npm/npm/@scruple/cli/-/cli-0.3.4.tgz",
      "integrity": "sha512-H1JAqLB+mZbv8YnQ+83jSlSUOMwXFU/GGChRWBrs3gn0NCtdAUjlyk6rSkGMUg1cs6xBHCfv7011R+bfjf2vOw==",
      "dev": true,
      "license": "MIT",
      "dependencies": {
        "@scruple/core": "0.3.4",
        "jiti": "^2.6.1",
        "tinyglobby": "^0.2.15"
      },
      "bin": {
        "scruple": "dist/bin.js"
      },
      "engines": {
        "node": ">=22.18.0"
      }
    },
    "node_modules/@scruple/comments": {
      "version": "0.3.4",
      "resolved": "https://artifactory.wwt.com/artifactory/api/npm/npm/@scruple/comments/-/comments-0.3.4.tgz",
      "integrity": "sha512-Gw5Gb9KbJ4ZKNkjHYWFdOr3gLgMDUpzkepMF0/SwPLa8ZfkL9vrNKUAznuLNMB4izIv+vk4EO+TdEEfyiaEoyQ==",
      "dev": true,
      "license": "MIT",
      "dependencies": {
        "@scruple/core": "0.3.4"
      },
      "engines": {
        "node": ">=22.18.0"
      }
    },
    "node_modules/@scruple/core": {
      "version": "0.3.4",
      "resolved": "https://artifactory.wwt.com/artifactory/api/npm/npm/@scruple/core/-/core-0.3.4.tgz",
      "integrity": "sha512-4lFuQ9+NhFc7TD+DhXvNyg2sOC+iFWMvaKK2OcHaN/+fLvdhWU1J3aLQnANFLcKT0bgqZuYlGiGMXwTYc6iI8g==",
      "dev": true,
      "license": "MIT",
      "engines": {
        "node": ">=22.18.0"
      }
    },
    "node_modules/@scruple/errors": {
      "version": "0.3.4",
      "resolved": "https://artifactory.wwt.com/artifactory/api/npm/npm/@scruple/errors/-/errors-0.3.4.tgz",
      "integrity": "sha512-Ozd+bmSR/1hzseaXj8ovMJrZQN7QRkqSSHc6ipJmA9rCjwGPeAVkn564znXnabCOdH4dAG96RBnO4Zof/e9hCA==",
      "dev": true,
      "license": "MIT",
      "dependencies": {
        "@scruple/core": "0.3.4"
      },
      "engines": {
        "node": ">=22.18.0"
      }
    },
    "node_modules/@scruple/parser-oxc": {
      "version": "0.3.4",
      "resolved": "https://artifactory.wwt.com/artifactory/api/npm/npm/@scruple/parser-oxc/-/parser-oxc-0.3.4.tgz",
      "integrity": "sha512-cbiEmKShIqiAn2LOO00Tfn/rqf601Cekin0I7DSqtOD6OExntgED+yLfnz+a6JwxotdzoerwxTzg2g/f1XoMcA==",
      "dev": true,
      "license": "MIT",
      "dependencies": {
        "@scruple/core": "0.3.4",
        "oxc-parser": "^0.151.0"
      },
      "engines": {
        "node": ">=22.18.0"
      }
    },
    "node_modules/@scruple/provider-decider": {
      "version": "0.3.4",
      "resolved": "https://artifactory.wwt.com/artifactory/api/npm/npm/@scruple/provider-decider/-/provider-decider-0.3.4.tgz",
      "integrity": "sha512-0d0O/D4ny0Y5mHuz1ulOYSXPRKbPCMgHow8Hw6p2uaG5NLL5sGKMnwKUsLcvfrnOVR27Q23LII/UTE91LQKl4A==",
      "dev": true,
      "license": "MIT",
      "dependencies": {
        "@scruple/core": "0.3.4",
        "@typesafe-ai/sdk": "^0.6.0"
      },
      "engines": {
        "node": ">=22.18.0"
      }
    },
    "node_modules/@scruple/provider-jev": {
      "version": "0.3.4",
      "resolved": "https://artifactory.wwt.com/artifactory/api/npm/npm/@scruple/provider-jev/-/provider-jev-0.3.4.tgz",
      "integrity": "sha512-k8NDfd+D2eGwbjMyqlr9aLGGQBsapWVMtuzeaT7MMCC4kg6xi2jyaWlMZ7Skce/AIXDmMZibNc+9CFkX+BRbsw==",
      "dev": true,
      "license": "MIT",
      "dependencies": {
        "@scruple/core": "0.3.4",
        "@typesafe-ai/sdk": "^0.6.0"
      },
      "engines": {
        "node": ">=22.18.0"
      }
    },
    "node_modules/@scruple/relational-databases": {
      "version": "0.3.4",
      "resolved": "https://artifactory.wwt.com/artifactory/api/npm/npm/@scruple/relational-databases/-/relational-databases-0.3.4.tgz",
      "integrity": "sha512-EgORAzXBXf8W6K75aM0o4MpSqZs0bOrzCNqmmf9VJ+LNh0T4XvaatJl9JSPRFDD1SL7EIq8J2ypMNA2CPoSONw==",
      "dev": true,
      "license": "MIT",
      "dependencies": {
        "@scruple/core": "0.3.4"
      },
      "engines": {
        "node": ">=22.18.0"
      }
    },
    "node_modules/@scruple/tests": {
      "version": "0.3.4",
      "resolved": "https://artifactory.wwt.com/artifactory/api/npm/npm/@scruple/tests/-/tests-0.3.4.tgz",
      "integrity": "sha512-y6o5d5DTC0ubyoAy4ugysl61MiSwtfMRIQDL38CpyPptdxFSJ01rH6Gg7AZdmM70MvmLtp3zWt1NhhGvtclcsg==",
      "dev": true,
      "license": "MIT",
      "dependencies": {
        "@scruple/core": "0.3.4"
      },
      "engines": {
        "node": ">=22.18.0"
      }
    },
    "node_modules/@typesafe-ai/sdk": {
      "version": "0.6.0",
      "resolved": "https://artifactory.wwt.com/artifactory/api/npm/npm/@typesafe-ai/sdk/-/sdk-0.6.0.tgz",
      "integrity": "sha512-IddX+Q0XM+VagOUZFeP7wZjaO4SHMdvnh2zEBdrZZnXedWI3BNK1lKhMx3ayrkFWvVLbVcUHJy6AVZlY+e6Jaw==",
      "dev": true,
      "license": "MIT",
      "engines": {
        "node": ">=20"
      }
    },
    "node_modules/fdir": {
      "version": "6.5.0",
      "resolved": "https://artifactory.wwt.com/artifactory/api/npm/npm/fdir/-/fdir-6.5.0.tgz",
      "integrity": "sha512-tIbYtZbucOs0BRGqPJkshJUYdL+SDH7dVM8gjy+ERp3WAUjLEFJE+02kanyHtwjWOnwrKYBiwAmM0p4kLJAnXg==",
      "dev": true,
      "license": "MIT",
      "engines": {
        "node": ">=12.0.0"
      },
      "peerDependencies": {
        "picomatch": "^3 || ^4"
      },
      "peerDependenciesMeta": {
        "picomatch": {
          "optional": true
        }
      }
    },
    "node_modules/jiti": {
      "version": "2.7.0",
      "resolved": "https://artifactory.wwt.com/artifactory/api/npm/npm/jiti/-/jiti-2.7.0.tgz",
      "integrity": "sha512-AC/7JofJvZGrrneWNaEnJeOLUx+JlGt7tNa0wZiRPT4MY1wmfKjt2+6O2p2uz2+skll8OZZmJMNqeke7kKbNgQ==",
      "dev": true,
      "license": "MIT",
      "bin": {
        "jiti": "lib/jiti-cli.mjs"
      }
    },
    "node_modules/oxc-parser": {
      "version": "0.151.0",
      "resolved": "https://artifactory.wwt.com/artifactory/api/npm/npm/oxc-parser/-/oxc-parser-0.151.0.tgz",
      "integrity": "sha512-cX++XpBDCtSe52KKH3rhbh6xIRidYPpyB2reI3azD4l+Y0ci4JZiUgVXyM/r9rrMnYZf9gdWi+9fvFl1wol7nA==",
      "dev": true,
      "license": "MIT",
      "dependencies": {
        "@oxc-project/types": "^0.151.0"
      },
      "engines": {
        "node": "^20.19.0 || >=22.12.0"
      },
      "funding": {
        "url": "https://github.com/sponsors/oxc-project"
      },
      "optionalDependencies": {
        "@oxc-parser/binding-android-arm-eabi": "0.151.0",
        "@oxc-parser/binding-android-arm64": "0.151.0",
        "@oxc-parser/binding-darwin-arm64": "0.151.0",
        "@oxc-parser/binding-darwin-x64": "0.151.0",
        "@oxc-parser/binding-freebsd-x64": "0.151.0",
        "@oxc-parser/binding-linux-arm-gnueabihf": "0.151.0",
        "@oxc-parser/binding-linux-arm-musleabihf": "0.151.0",
        "@oxc-parser/binding-linux-arm64-gnu": "0.151.0",
        "@oxc-parser/binding-linux-arm64-musl": "0.151.0",
        "@oxc-parser/binding-linux-ppc64-gnu": "0.151.0",
        "@oxc-parser/binding-linux-riscv64-gnu": "0.151.0",
        "@oxc-parser/binding-linux-riscv64-musl": "0.151.0",
        "@oxc-parser/binding-linux-s390x-gnu": "0.151.0",
        "@oxc-parser/binding-linux-x64-gnu": "0.151.0",
        "@oxc-parser/binding-linux-x64-musl": "0.151.0",
        "@oxc-parser/binding-openharmony-arm64": "0.151.0",
        "@oxc-parser/binding-win32-arm64-msvc": "0.151.0",
        "@oxc-parser/binding-win32-ia32-msvc": "0.151.0",
        "@oxc-parser/binding-win32-x64-msvc": "0.151.0"
      }
    },
    "node_modules/picomatch": {
      "version": "4.0.7",
      "resolved": "https://artifactory.wwt.com/artifactory/api/npm/npm/picomatch/-/picomatch-4.0.7.tgz",
      "integrity": "sha512-qcJu88Q2IWqJsDD529JKMdwGm/dvInW4HvQnRwiH9JtihJvzGOscDtHE3x1pBKeUOTysQ8kVmLnJ2kJu7yhcGA==",
      "dev": true,
      "license": "MIT",
      "engines": {
        "node": ">=12"
      },
      "funding": {
        "url": "https://github.com/sponsors/jonschlinkert"
      }
    },
    "node_modules/scruple-plugin-ideology": {
      "version": "0.3.0",
      "resolved": "git+ssh://git@github.com/jaypeeZero/scruple-plugin-ideology.git#eb4f2dc9f2aabc1216d2713d7847328973d41498",
      "dev": true,
      "license": "MIT",
      "engines": {
        "node": ">=22.18"
      },
      "peerDependencies": {
        "@scruple/core": "^0.2.0"
      }
    },
    "node_modules/scruple-provider-cache": {
      "version": "0.1.0",
      "resolved": "git+ssh://git@github.com/jaypeeZero/scruple-provider-cache.git#113f0d4305146664e6e53039212f85236544c7ca",
      "dev": true,
      "license": "MIT",
      "engines": {
        "node": ">=22.18"
      },
      "peerDependencies": {
        "@scruple/core": "^0.2.0"
      }
    },
    "node_modules/tinyglobby": {
      "version": "0.2.17",
      "resolved": "https://artifactory.wwt.com/artifactory/api/npm/npm/tinyglobby/-/tinyglobby-0.2.17.tgz",
      "integrity": "sha512-wXR/dYpcqKmfWpEdZjiKJOwCNFndD0DMnrW/cYjVGttEkBfVgcLFHoNrlj47mjOVic9yyNu65alsgF4NQyTa2g==",
      "dev": true,
      "license": "MIT",
      "dependencies": {
        "fdir": "^6.5.0",
        "picomatch": "^4.0.4"
      },
      "engines": {
        "node": ">=12.0.0"
      },
      "funding": {
        "url": "https://github.com/sponsors/SuperchupuDev"
      }
    }
  }
}
